NeoBundleLock vim-markdown 74c9c60796ef10284ba26aaf38ffb39beae5f62c
NeoBundleLock vimfiler f625e87d26ca78b6c7d16a9248da7422139c83e0
NeoBundleLock previm 58acaeb023ba8942be19161b52cee54ba3aca60c
NeoBundleLock VimRepress 0355e96fafdedbbda15821feb2a758809a7c846e
NeoBundleLock open-browser.vim 4184376d06525f9b5fb7c08ce2a482e1d6acf645
NeoBundleLock neobundle.vim 4a3bb7fb323b62f571c22ff15139fe996dc60ac8
NeoBundleLock vim-go 2dd4316e8c2224372ada021977268853f6b58572
NeoBundleLock emmet-vim 0d63cc76aa171dc8e6d8c6393a1b6eaa5f7b9cc7
